// !$*UTF8*$!
{
	archiveVersion = 1;
	classes = {
	};
	objectVersion = 50;
	objects = {

/* Begin PBXBuildFile section */
		8B7176702373AAAC00AD1325 /* cat.m in Sources */ = {isa = PBXBuildFile; fileRef = 8B71766F2373AAAC00AD1325 /* cat.m */; };
		8BD7E2D823726846009B6AA2 /* main.m in Sources */ = {isa = PBXBuildFile; fileRef = 8BD7E2D723726846009B6AA2 /* main.m */; };
		8BD7E2E523726873009B6AA2 /* main.m in Sources */ = {isa = PBXBuildFile; fileRef = 8BD7E2E423726873009B6AA2 /* main.m */; };
		8BD7E2F02372A068009B6AA2 /* main.m in Sources */ = {isa = PBXBuildFile; fileRef = 8BD7E2EF2372A068009B6AA2 /* main.m */; };
/* End PBXBuildFile section */

/* Begin PBXCopyFilesBuildPhase section */
		8B7176642373AA1000AD1325 /* CopyFiles */ = {
			isa = PBXCopyFilesBuildPhase;
			buildActionMask = 2147483647;
			dstPath = /usr/share/man/man1/;
			dstSubfolderSpec = 0;
			files = (
			);
			runOnlyForDeploymentPostprocessing = 1;
		};
		8BD7E2D223726846009B6AA2 /* CopyFiles */ = {
			isa = PBXCopyFilesBuildPhase;
			buildActionMask = 2147483647;
			dstPath = /usr/share/man/man1/;
			dstSubfolderSpec = 0;
			files = (
			);
			runOnlyForDeploymentPostprocessing = 1;
		};
		8BD7E2E023726873009B6AA2 /* CopyFiles */ = {
			isa = PBXCopyFilesBuildPhase;
			buildActionMask = 2147483647;
			dstPath = /usr/share/man/man1/;
			dstSubfolderSpec = 0;
			files = (
			);
			runOnlyForDeploymentPostprocessing = 1;
		};
		8BD7E2EB2372A068009B6AA2 /* CopyFiles */ = {
			isa = PBXCopyFilesBuildPhase;
			buildActionMask = 2147483647;
			dstPath = /usr/share/man/man1/;
			dstSubfolderSpec = 0;
			files = (
			);
			runOnlyForDeploymentPostprocessing = 1;
		};
/* End PBXCopyFilesBuildPhase section */

/* Begin PBXFileReference section */
		8B7176662373AA1000AD1325 /* objc03 */ = {isa = PBXFileReference; explicitFileType = "compiled.mach-o.executable"; includeInIndex = 0; path = objc03; sourceTree = BUILT_PRODUCTS_DIR; };
		8B71766E2373AAAC00AD1325 /* cat.h */ = {isa = PBXFileReference; lastKnownFileType = sourcecode.c.h; path = cat.h; sourceTree = "<group>"; };
		8B71766F2373AAAC00AD1325 /* cat.m */ = {isa = PBXFileReference; lastKnownFileType = sourcecode.c.objc; path = cat.m; sourceTree = "<group>"; };
		8BD7E2D423726846009B6AA2 /* Objc */ = {isa = PBXFileReference; explicitFileType = "compiled.mach-o.executable"; includeInIndex = 0; path = Objc; sourceTree = BUILT_PRODUCTS_DIR; };
		8BD7E2D723726846009B6AA2 /* main.m */ = {isa = PBXFileReference; lastKnownFileType = sourcecode.c.objc; path = main.m; sourceTree = "<group>"; };
		8BD7E2E223726873009B6AA2 /* objc01 */ = {isa = PBXFileReference; explicitFileType = "compiled.mach-o.executable"; includeInIndex = 0; path = objc01; sourceTree = BUILT_PRODUCTS_DIR; };
		8BD7E2E423726873009B6AA2 /* main.m */ = {isa = PBXFileReference; lastKnownFileType = sourcecode.c.objc; path = main.m; sourceTree = "<group>"; };
		8BD7E2ED2372A068009B6AA2 /* objc02 */ = {isa = PBXFileReference; explicitFileType = "compiled.mach-o.executable"; includeInIndex = 0; path = objc02; sourceTree = BUILT_PRODUCTS_DIR; };
		8BD7E2EF2372A068009B6AA2 /* main.m */ = {isa = PBXFileReference; lastKnownFileType = sourcecode.c.objc; path = main.m; sourceTree = "<group>"; };
/* End PBXFileReference section */

/* Begin PBXFrameworksBuildPhase section */
		8B7176632373AA1000AD1325 /* Frameworks */ = {
			isa = PBXFrameworksBuildPhase;
			buildActionMask = 2147483647;
			files = (
			);
			runOnlyForDeploymentPostprocessing = 0;
		};
		8BD7E2D123726846009B6AA2 /* Frameworks */ = {
			isa = PBXFrameworksBuildPhase;
			buildActionMask = 2147483647;
			files = (
			);
			runOnlyForDeploymentPostprocessing = 0;
		};
		8BD7E2DF23726873009B6AA2 /* Frameworks */ = {
			isa = PBXFrameworksBuildPhase;
			buildActionMask = 2147483647;
			files = (
			);
			runOnlyForDeploymentPostprocessing = 0;
		};
		8BD7E2EA2372A068009B6AA2 /* Frameworks */ = {
			isa = PBXFrameworksBuildPhase;
			buildActionMask = 2147483647;
			files = (
			);
			runOnlyForDeploymentPostprocessing = 0;
		};
/* End PBXFrameworksBuildPhase section */

/* Begin PBXGroup section */
		8B7176672373AA1000AD1325 /* objc03 */ = {
			isa = PBXGroup;
			children = (
				8B71766E2373AAAC00AD1325 /* cat.h */,
				8B71766F2373AAAC00AD1325 /* cat.m */,
			);
			path = objc03;
			sourceTree = "<group>";
		};
		8BD7E2CB23726846009B6AA2 = {
			isa = PBXGroup;
			children = (
				8BD7E2D623726846009B6AA2 /* Objc */,
				8BD7E2E323726873009B6AA2 /* objc01 */,
				8BD7E2EE2372A068009B6AA2 /* objc02 */,
				8B7176672373AA1000AD1325 /* objc03 */,
				8BD7E2D523726846009B6AA2 /* Products */,
			);
			sourceTree = "<group>";
		};
		8BD7E2D523726846009B6AA2 /* Products */ = {
			isa = PBXGroup;
			children = (
				8BD7E2D423726846009B6AA2 /* Objc */,
				8BD7E2E223726873009B6AA2 /* objc01 */,
				8BD7E2ED2372A068009B6AA2 /* objc02 */,
				8B7176662373AA1000AD1325 /* objc03 */,
			);
			name = Products;
			sourceTree = "<group>";
		};
		8BD7E2D623726846009B6AA2 /* Objc */ = {
			isa = PBXGroup;
			children = (
				8BD7E2D723726846009B6AA2 /* main.m */,
			);
			path = Objc;
			sourceTree = "<group>";
		};
		8BD7E2E323726873009B6AA2 /* objc01 */ = {
			isa = PBXGroup;
			children = (
				8BD7E2E423726873009B6AA2 /* main.m */,
			);
			path = objc01;
			sourceTree = "<group>";
		};
		8BD7E2EE2372A068009B6AA2 /* objc02 */ = {
			isa = PBXGroup;
			children = (
				8BD7E2EF2372A068009B6AA2 /* main.m */,
			);
			path = objc02;
			sourceTree = "<group>";
		};
/* End PBXGroup section */

/* Begin PBXNativeTarget section */
		8B7176652373AA1000AD1325 /* objc03 */ = {
			isa = PBXNativeTarget;
			buildConfigurationList = 8B71766C2373AA1000AD1325 /* Build configuration list for PBXNativeTarget "objc03" */;
			buildPhases = (
				8B7176622373AA1000AD1325 /* Sources */,
				8B7176632373AA1000AD1325 /* Frameworks */,
				8B7176642373AA1000AD1325 /* CopyFiles */,
			);
			buildRules = (
			);
			dependencies = (
			);
			name = objc03;
			productName = objc03;
			productReference = 8B7176662373AA1000AD1325 /* objc03 */;
			productType = "com.apple.product-type.tool";
		};
		8BD7E2D323726846009B6AA2 /* Objc */ = {
			isa = PBXNativeTarget;
			buildConfigurationList = 8BD7E2DB23726846009B6AA2 /* Build configuration list for PBXNativeTarget "Objc" */;
			buildPhases = (
				8BD7E2D023726846009B6AA2 /* Sources */,
				8BD7E2D123726846009B6AA2 /* Frameworks */,
				8BD7E2D223726846009B6AA2 /* CopyFiles */,
			);
			buildRules = (
			);
			dependencies = (
			);
			name = Objc;
			productName = Objc;
			productReference = 8BD7E2D423726846009B6AA2 /* Objc */;
			productType = "com.apple.product-type.tool";
		};
		8BD7E2E123726873009B6AA2 /* objc01 */ = {
			isa = PBXNativeTarget;
			buildConfigurationList = 8BD7E2E623726873009B6AA2 /* Build configuration list for PBXNativeTarget "objc01" */;
			buildPhases = (
				8BD7E2DE23726873009B6AA2 /* Sources */,
				8BD7E2DF23726873009B6AA2 /* Frameworks */,
				8BD7E2E023726873009B6AA2 /* CopyFiles */,
			);
			buildRules = (
			);
			dependencies = (
			);
			name = objc01;
			productName = objc01;
			productReference = 8BD7E2E223726873009B6AA2 /* objc01 */;
			productType = "com.apple.product-type.tool";
		};
		8BD7E2EC2372A068009B6AA2 /* objc02 */ = {
			isa = PBXNativeTarget;
			buildConfigurationList = 8BD7E2F12372A068009B6AA2 /* Build configuration list for PBXNativeTarget "objc02" */;
			buildPhases = (
				8BD7E2E92372A068009B6AA2 /* Sources */,
				8BD7E2EA2372A068009B6AA2 /* Frameworks */,
				8BD7E2EB2372A068009B6AA2 /* CopyFiles */,
			);
			buildRules = (
			);
			dependencies = (
			);
			name = objc02;
			productName = objc02;
			productReference = 8BD7E2ED2372A068009B6AA2 /* objc02 */;
			productType = "com.apple.product-type.tool";
		};
/* End PBXNativeTarget section */

/* Begin PBXProject section */
		8BD7E2CC23726846009B6AA2 /* Project object */ = {
			isa = PBXProject;
			attributes = {
				LastUpgradeCheck = 1100;
				ORGANIZATIONNAME = "贾广烽";
				TargetAttributes = {
					8B7176652373AA1000AD1325 = {
						CreatedOnToolsVersion = 11.0;
					};
					8BD7E2D323726846009B6AA2 = {
						CreatedOnToolsVersion = 11.0;
					};
					8BD7E2E123726873009B6AA2 = {
						CreatedOnToolsVersion = 11.0;
					};
					8BD7E2EC2372A068009B6AA2 = {
						CreatedOnToolsVersion = 11.0;
					};
				};
			};
			buildConfigurationList = 8BD7E2CF23726846009B6AA2 /* Build configuration list for PBXProject "Objc" */;
			compatibilityVersion = "Xcode 9.3";
			developmentRegion = en;
			hasScannedForEncodings = 0;
			knownRegions = (
				en,
				Base,
			);
			mainGroup = 8BD7E2CB23726846009B6AA2;
			productRefGroup = 8BD7E2D523726846009B6AA2 /* Products */;
			projectDirPath = "";
			projectRoot = "";
			targets = (
				8BD7E2D323726846009B6AA2 /* Objc */,
				8BD7E2E123726873009B6AA2 /* objc01 */,
				8BD7E2EC2372A068009B6AA2 /* objc02 */,
				8B7176652373AA1000AD1325 /* objc03 */,
			);
		};
/* End PBXProject section */

/* Begin PBXSourcesBuildPhase section */
		8B7176622373AA1000AD1325 /* Sources */ = {
			isa = PBXSourcesBuildPhase;
			buildActionMask = 2147483647;
			files = (
				8B7176702373AAAC00AD1325 /* cat.m in Sources */,
			);
			runOnlyForDeploymentPostprocessing = 0;
		};
		8BD7E2D023726846009B6AA2 /* Sources */ = {
			isa = PBXSourcesBuildPhase;
			buildActionMask = 2147483647;
			files = (
				8BD7E2D823726846009B6AA2 /* main.m in Sources */,
			);
			runOnlyForDeploymentPostprocessing = 0;
		};
		8BD7E2DE23726873009B6AA2 /* Sources */ = {
			isa = PBXSourcesBuildPhase;
			buildActionMask = 2147483647;
			files = (
				8BD7E2E523726873009B6AA2 /* main.m in Sources */,
			);
			runOnlyForDeploymentPostprocessing = 0;
		};
		8BD7E2E92372A068009B6AA2 /* Sources */ = {
			isa = PBXSourcesBuildPhase;
			buildActionMask = 2147483647;
			files = (
				8BD7E2F02372A068009B6AA2 /* main.m in Sources */,
			);
			runOnlyForDeploymentPostprocessing = 0;
		};
/* End PBXSourcesBuildPhase section */

/* Begin XCBuildConfiguration section */
		8B71766A2373AA1000AD1325 /* Debug */ = {
			isa = XCBuildConfiguration;
			buildSettings = {
				CODE_SIGN_STYLE = Automatic;
				DEVELOPMENT_TEAM = FXB727NY7T;
				ENABLE_HARDENED_RUNTIME = YES;
				PRODUCT_NAME = "$(TARGET_NAME)";
			};
			name = Debug;
		};
		8B71766B2373AA1000AD1325 /* Release */ = {
			isa = XCBuildConfiguration;
			buildSettings = {
				CODE_SIGN_STYLE = Automatic;
				DEVELOPMENT_TEAM = FXB727NY7T;
				ENABLE_HARDENED_RUNTIME = YES;
				PRODUCT_NAME = "$(TARGET_NAME)";
			};
			name = Release;
		};
		8BD7E2D923726846009B6AA2 /* Debug */ = {
			isa = XCBuildConfiguration;
			buildSettings = {
				ALWAYS_SEARCH_USER_PATHS = NO;
				CLANG_ANALYZER_NONNULL = YES;
				CLANG_ANALYZER_NUMBER_OBJECT_CONVERSION = YES_AGGRESSIVE;
				CLANG_CXX_LANGUAGE_STANDARD = "gnu++14";
				CLANG_CXX_LIBRARY = "libc++";
				CLANG_ENABLE_MODULES = YES;
				CLANG_ENABLE_OBJC_ARC = YES;
				CLANG_ENABLE_OBJC_WEAK = YES;
				CLANG_WARN_BLOCK_CAPTURE_AUTORELEASING = YES;
				CLANG_WARN_BOOL_CONVERSION = YES;
				CLANG_WARN_COMMA = YES;
				CLANG_WARN_CONSTANT_CONVERSION = YES;
				CLANG_WARN_DEPRECATED_OBJC_IMPLEMENTATIONS = YES;
				CLANG_WARN_DIRECT_OBJC_ISA_USAGE = YES_ERROR;
				CLANG_WARN_DOCUMENTATION_COMMENTS = YES;
				CLANG_WARN_EMPTY_BODY = YES;
				CLANG_WARN_ENUM_CONVERSION = YES;
				CLANG_WARN_INFINITE_RECURSION = YES;
				CLANG_WARN_INT_CONVERSION = YES;
				CLANG_WARN_NON_LITERAL_NULL_CONVERSION = YES;
				CLANG_WARN_OBJC_IMPLICIT_RETAIN_SELF = YES;
				CLANG_WARN_OBJC_LITERAL_CONVERSION = YES;
				CLANG_WARN_OBJC_ROOT_CLASS = YES_ERROR;
				CLANG_WARN_RANGE_LOOP_ANALYSIS = YES;
				CLANG_WARN_STRICT_PROTOTYPES = YES;
				CLANG_WARN_SUSPICIOUS_MOVE = YES;
				CLANG_WARN_UNGUARDED_AVAILABILITY = YES_AGGRESSIVE;
				CLANG_WARN_UNREACHABLE_CODE = YES;
				CLANG_WARN__DUPLICATE_METHOD_MATCH = YES;
				COPY_PHASE_STRIP = NO;
				DEBUG_INFORMATION_FORMAT = dwarf;
				ENABLE_STRICT_OBJC_MSGSEND = YES;
				ENABLE_TESTABILITY = YES;
				GCC_C_LANGUAGE_STANDARD = gnu11;
				GCC_DYNAMIC_NO_PIC = NO;
				GCC_NO_COMMON_BLOCKS = YES;
				GCC_OPTIMIZATION_LEVEL = 0;
				GCC_PREPROCESSOR_DEFINITIONS = (
					"DEBUG=1",
					"$(inherited)",
				);
				GCC_WARN_64_TO_32_BIT_CONVERSION = YES;
				GCC_WARN_ABOUT_RETURN_TYPE = YES_ERROR;
				GCC_WARN_UNDECLARED_SELECTOR = YES;
				GCC_WARN_UNINITIALIZED_AUTOS = YES_AGGRESSIVE;
				GCC_WARN_UNUSED_FUNCTION = YES;
				GCC_WARN_UNUSED_VARIABLE = YES;
				MACOSX_DEPLOYMENT_TARGET = 10.14;
				MTL_ENABLE_DEBUG_INFO = INCLUDE_SOURCE;
				MTL_FAST_MATH = YES;
				ONLY_ACTIVE_ARCH = YES;
				SDKROOT = macosx;
			};
			name = Debug;
		};
		8BD7E2DA23726846009B6AA2 /* Release */ = {
			isa = XCBuildConfiguration;
			buildSettings = {
				ALWAYS_SEARCH_USER_PATHS = NO;
				CLANG_ANALYZER_NONNULL = YES;
				CLANG_ANALYZER_NUMBER_OBJECT_CONVERSION = YES_AGGRESSIVE;
				CLANG_CXX_LANGUAGE_STANDARD = "gnu++14";
				CLANG_CXX_LIBRARY = "libc++";
				CLANG_ENABLE_MODULES = YES;
				CLANG_ENABLE_OBJC_ARC = YES;
				CLANG_ENABLE_OBJC_WEAK = YES;
				CLANG_WARN_BLOCK_CAPTURE_AUTORELEASING = YES;
				CLANG_WARN_BOOL_CONVERSION = YES;
				CLANG_WARN_COMMA = YES;
				CLANG_WARN_CONSTANT_CONVERSION = YES;
				CLANG_WARN_DEPRECATED_OBJC_IMPLEMENTATIONS = YES;
				CLANG_WARN_DIRECT_OBJC_ISA_USAGE = YES_ERROR;
				CLANG_WARN_DOCUMENTATION_COMMENTS = YES;
				CLANG_WARN_EMPTY_BODY = YES;
				CLANG_WARN_ENUM_CONVERSION = YES;
				CLANG_WARN_INFINITE_RECURSION = YES;
				CLANG_WARN_INT_CONVERSION = YES;
				CLANG_WARN_NON_LITERAL_NULL_CONVERSION = YES;
				CLANG_WARN_OBJC_IMPLICIT_RETAIN_SELF = YES;
				CLANG_WARN_OBJC_LITERAL_CONVERSION = YES;
				CLANG_WARN_OBJC_ROOT_CLASS = YES_ERROR;
				CLANG_WARN_RANGE_LOOP_ANALYSIS = YES;
				CLANG_WARN_STRICT_PROTOTYPES = YES;
				CLANG_WARN_SUSPICIOUS_MOVE = YES;
				CLANG_WARN_UNGUARDED_AVAILABILITY = YES_AGGRESSIVE;
				CLANG_WARN_UNREACHABLE_CODE = YES;
				CLANG_WARN__DUPLICATE_METHOD_MATCH = YES;
				COPY_PHASE_STRIP = NO;
				DEBUG_INFORMATION_FORMAT = "dwarf-with-dsym";
				ENABLE_NS_ASSERTIONS = NO;
				ENABLE_STRICT_OBJC_MSGSEND = YES;
				GCC_C_LANGUAGE_STANDARD = gnu11;
				GCC_NO_COMMON_BLOCKS = YES;
				GCC_WARN_64_TO_32_BIT_CONVERSION = YES;
				GCC_WARN_ABOUT_RETURN_TYPE = YES_ERROR;
				GCC_WARN_UNDECLARED_SELECTOR = YES;
				GCC_WARN_UNINITIALIZED_AUTOS = YES_AGGRESSIVE;
				GCC_WARN_UNUSED_FUNCTION = YES;
				GCC_WARN_UNUSED_VARIABLE = YES;
				MACOSX_DEPLOYMENT_TARGET = 10.14;
				MTL_ENABLE_DEBUG_INFO = NO;
				MTL_FAST_MATH = YES;
				SDKROOT = macosx;
			};
			name = Release;
		};
		8BD7E2DC23726846009B6AA2 /* Debug */ = {
			isa = XCBuildConfiguration;
			buildSettings = {
				CODE_SIGN_STYLE = Automatic;
				DEVELOPMENT_TEAM = FXB727NY7T;
				ENABLE_HARDENED_RUNTIME = YES;
				PRODUCT_NAME = "$(TARGET_NAME)";
			};
			name = Debug;
		};
		8BD7E2DD23726846009B6AA2 /* Release */ = {
			isa = XCBuildConfiguration;
			buildSettings = {
				CODE_SIGN_STYLE = Automatic;
				DEVELOPMENT_TEAM = FXB727NY7T;
				ENABLE_HARDENED_RUNTIME = YES;
				PRODUCT_NAME = "$(TARGET_NAME)";
			};
			name = Release;
		};
		8BD7E2E723726873009B6AA2 /* Debug */ = {
			isa = XCBuildConfiguration;
			buildSettings = {
				CODE_SIGN_STYLE = Automatic;
				DEVELOPMENT_TEAM = FXB727NY7T;
				ENABLE_HARDENED_RUNTIME = YES;
				PRODUCT_NAME = "$(TARGET_NAME)";
			};
			name = Debug;
		};
		8BD7E2E823726873009B6AA2 /* Release */ = {
			isa = XCBuildConfiguration;
			buildSettings = {
				CODE_SIGN_STYLE = Automatic;
				DEVELOPMENT_TEAM = FXB727NY7T;
				ENABLE_HARDENED_RUNTIME = YES;
				PRODUCT_NAME = "$(TARGET_NAME)";
			};
			name = Release;
		};
		8BD7E2F22372A068009B6AA2 /* Debug */ = {
			isa = XCBuildConfiguration;
			buildSettings = {
				CODE_SIGN_STYLE = Automatic;
				DEVELOPMENT_TEAM = FXB727NY7T;
				ENABLE_HARDENED_RUNTIME = YES;
				PRODUCT_NAME = "$(TARGET_NAME)";
			};
			name = Debug;
		};
		8BD7E2F32372A068009B6AA2 /* Release */ = {
			isa = XCBuildConfiguration;
			buildSettings = {
				CODE_SIGN_STYLE = Automatic;
				DEVELOPMENT_TEAM = FXB727NY7T;
				ENABLE_HARDENED_RUNTIME = YES;
				PRODUCT_NAME = "$(TARGET_NAME)";
			};
			name = Release;
		};
/* End XCBuildConfiguration section */

/* Begin XCConfigurationList section */
		8B71766C2373AA1000AD1325 /* Build configuration list for PBXNativeTarget "objc03" */ = {
			isa = XCConfigurationList;
			buildConfigurations = (
				8B71766A2373AA1000AD1325 /* Debug */,
				8B71766B2373AA1000AD1325 /* Release */,
			);
			defaultConfigurationIsVisible = 0;
			defaultConfigurationName = Release;
		};
		8BD7E2CF23726846009B6AA2 /* Build configuration list for PBXProject "Objc" */ = {
			isa = XCConfigurationList;
			buildConfigurations = (
				8BD7E2D923726846009B6AA2 /* Debug */,
				8BD7E2DA23726846009B6AA2 /* Release */,
			);
			defaultConfigurationIsVisible = 0;
			defaultConfigurationName = Release;
		};
		8BD7E2DB23726846009B6AA2 /* Build configuration list for PBXNativeTarget "Objc" */ = {
			isa = XCConfigurationList;
			buildConfigurations = (
				8BD7E2DC23726846009B6AA2 /* Debug */,
				8BD7E2DD23726846009B6AA2 /* Release */,
			);
			defaultConfigurationIsVisible = 0;
			defaultConfigurationName = Release;
		};
		8BD7E2E623726873009B6AA2 /* Build configuration list for PBXNativeTarget "objc01" */ = {
			isa = XCConfigurationList;
			buildConfigurations = (
				8BD7E2E723726873009B6AA2 /* Debug */,
				8BD7E2E823726873009B6AA2 /* Release */,
			);
			defaultConfigurationIsVisible = 0;
			defaultConfigurationName = Release;
		};
		8BD7E2F12372A068009B6AA2 /* Build configuration list for PBXNativeTarget "objc02" */ = {
			isa = XCConfigurationList;
			buildConfigurations = (
				8BD7E2F22372A068009B6AA2 /* Debug */,
				8BD7E2F32372A068009B6AA2 /* Release */,
			);
			defaultConfigurationIsVisible = 0;
			defaultConfigurationName = Release;
		};
/* End XCConfigurationList section */
	};
	rootObject = 8BD7E2CC23726846009B6AA2 /* Project object */;
}
